
Microsoft Visual Studio Solution File, Format Version 12.00
# Visual Studio Version 16
VisualStudioVersion = 16.0.30711.63
MinimumVisualStudioVersion = 10.0.40219.1
Project("{FAE04EC0-301F-11D3-BF4B-00C04F79EFBC}") = "MotelManagement", "MotelManagement\MotelManagement.csproj", "{BB27247E-A8AA-4D1A-B52E-0B4CA721A71B}"
EndProject
Global
	GlobalSection(SolutionConfigurationPlatforms) = preSolution
		Debug|Any CPU = Debug|Any CPU
		Release|Any CPU = Release|Any CPU
	EndGlobalSection
	GlobalSection(ProjectConfigurationPlatforms) = postSolution
		{BB27247E-A8AA-4D1A-B52E-0B4CA721A71B}.Debug|Any CPU.ActiveCfg = Debug|Any CPU
		{BB27247E-A8AA-4D1A-B52E-0B4CA721A71B}.Debug|Any CPU.Build.0 = Debug|Any CPU
		{BB27247E-A8AA-4D1A-B52E-0B4CA721A71B}.Release|Any CPU.ActiveCfg = Release|Any CPU
		{BB27247E-A8AA-4D1A-B52E-0B4CA721A71B}.Release|Any CPU.Build.0 = Release|Any CPU
	EndGlobalSection
	GlobalSection(SolutionProperties) = preSolution
		HideSolutionNode = FALSE
	EndGlobalSection
	GlobalSection(ExtensibilityGlobals) = postSolution
		SolutionGuid = {81EFD28B-444C-4B25-9FA1-8918CE0F5A4F}
	EndGlobalSection
EndGlobal
